// !$*UTF8*$!
{
	archiveVersion = 1;
	classes = {
	};
	objectVersion = 46;
	objects = {

/* Begin PBXBuildFile section */
		794BE44D1C3E016300043D0D /* CloudKit.framework in Frameworks */ = {isa = PBXBuildFile; fileRef = 794BE44C1C3E016300043D0D /* CloudKit.framework */; };
		794BE44F1C3E1F9900043D0D /* Utilities.swift in Sources */ = {isa = PBXBuildFile; fileRef = 794BE44E1C3E1F9900043D0D /* Utilities.swift */; };
		7993E5001C3C8782000C3E7C /* AppDelegate.swift in Sources */ = {isa = PBXBuildFile; fileRef = 7993E4FF1C3C8782000C3E7C /* AppDelegate.swift */; };
		7993E5071C3C8782000C3E7C /* Main.storyboard in Resources */ = {isa = PBXBuildFile; fileRef = 7993E5051C3C8782000C3E7C /* Main.storyboard */; };
		7993E5091C3C8782000C3E7C /* Assets.xcassets in Resources */ = {isa = PBXBuildFile; fileRef = 7993E5081C3C8782000C3E7C /* Assets.xcassets */; };
		7993E50C1C3C8782000C3E7C /* LaunchScreen.storyboard in Resources */ = {isa = PBXBuildFile; fileRef = 7993E50A1C3C8782000C3E7C /* LaunchScreen.storyboard */; };
		7993E5171C3C8782000C3E7C /* CryptextTests.swift in Sources */ = {isa = PBXBuildFile; fileRef = 7993E5161C3C8782000C3E7C /* CryptextTests.swift */; };
		7993E5231C3C8B9B000C3E7C /* RNCryptor.swift in Sources */ = {isa = PBXBuildFile; fileRef = 7993E5221C3C8B9B000C3E7C /* RNCryptor.swift */; };
		7993E5261C3C8E50000C3E7C /* RNCryptorTests.swift in Sources */ = {isa = PBXBuildFile; fileRef = 7993E5251C3C8E50000C3E7C /* RNCryptorTests.swift */; };
		79F665511C3F1575005B7DA1 /* PostTableViewController.swift in Sources */ = {isa = PBXBuildFile; fileRef = 79F665501C3F1575005B7DA1 /* PostTableViewController.swift */; };
		79F665531C3F158D005B7DA1 /* ViewTableViewController.swift in Sources */ = {isa = PBXBuildFile; fileRef = 79F665521C3F158D005B7DA1 /* ViewTableViewController.swift */; };
		79F665551C3F245A005B7DA1 /* PostMessageViewController.swift in Sources */ = {isa = PBXBuildFile; fileRef = 79F665541C3F245A005B7DA1 /* PostMessageViewController.swift */; };
		79F665571C3F246B005B7DA1 /* ViewMessageViewController.swift in Sources */ = {isa = PBXBuildFile; fileRef = 79F665561C3F246B005B7DA1 /* ViewMessageViewController.swift */; };
/* End PBXBuildFile section */

/* Begin PBXContainerItemProxy section */
		7993E5131C3C8782000C3E7C /* PBXContainerItemProxy */ = {
			isa = PBXContainerItemProxy;
			containerPortal = 7993E4F41C3C8782000C3E7C /* Project object */;
			proxyType = 1;
			remoteGlobalIDString = 7993E4FB1C3C8782000C3E7C;
			remoteInfo = Cryptext;
		};
/* End PBXContainerItemProxy section */

/* Begin PBXFileReference section */
		794BE44B1C3E015A00043D0D /* Cryptext.entitlements */ = {isa = PBXFileReference; lastKnownFileType = text.xml; path = Cryptext.entitlements; sourceTree = "<group>"; };
		794BE44C1C3E016300043D0D /* CloudKit.framework */ = {isa = PBXFileReference; lastKnownFileType = wrapper.framework; name = CloudKit.framework; path = System/Library/Frameworks/CloudKit.framework; sourceTree = SDKROOT; };
		794BE44E1C3E1F9900043D0D /* Utilities.swift */ = {isa = PBXFileReference; fileEncoding = 4; lastKnownFileType = sourcecode.swift; path = Utilities.swift; sourceTree = "<group>"; };
		7993E4FC1C3C8782000C3E7C /* Cryptext.app */ = {isa = PBXFileReference; explicitFileType = wrapper.application; includeInIndex = 0; path = Cryptext.app; sourceTree = BUILT_PRODUCTS_DIR; };
		7993E4FF1C3C8782000C3E7C /* AppDelegate.swift */ = {isa = PBXFileReference; lastKnownFileType = sourcecode.swift; path = AppDelegate.swift; sourceTree = "<group>"; };
		7993E5061C3C8782000C3E7C /* Base */ = {isa = PBXFileReference; lastKnownFileType = file.storyboard; name = Base; path = Base.lproj/Main.storyboard; sourceTree = "<group>"; };
		7993E5081C3C8782000C3E7C /* Assets.xcassets */ = {isa = PBXFileReference; lastKnownFileType = folder.assetcatalog; path = Assets.xcassets; sourceTree = "<group>"; };
		7993E50B1C3C8782000C3E7C /* Base */ = {isa = PBXFileReference; lastKnownFileType = file.storyboard; name = Base; path = Base.lproj/LaunchScreen.storyboard; sourceTree = "<group>"; };
		7993E50D1C3C8782000C3E7C /* Info.plist */ = {isa = PBXFileReference; lastKnownFileType = text.plist.xml; path = Info.plist; sourceTree = "<group>"; };
		7993E5121C3C8782000C3E7C /* CryptextTests.xctest */ = {isa = PBXFileReference; explicitFileType = wrapper.cfbundle; includeInIndex = 0; path = CryptextTests.xctest; sourceTree = BUILT_PRODUCTS_DIR; };
		7993E5161C3C8782000C3E7C /* CryptextTests.swift */ = {isa = PBXFileReference; lastKnownFileType = sourcecode.swift; path = CryptextTests.swift; sourceTree = "<group>"; };
		7993E5181C3C8782000C3E7C /* Info.plist */ = {isa = PBXFileReference; lastKnownFileType = text.plist.xml; path = Info.plist; sourceTree = "<group>"; };
		7993E5221C3C8B9B000C3E7C /* RNCryptor.swift */ = {isa = PBXFileReference; fileEncoding = 4; lastKnownFileType = sourcecode.swift; path = RNCryptor.swift; sourceTree = "<group>"; };
		7993E5241C3C8CE4000C3E7C /* RNCryptor.h */ = {isa = PBXFileReference; lastKnownFileType = sourcecode.c.h; path = RNCryptor.h; sourceTree = "<group>"; };
		7993E5251C3C8E50000C3E7C /* RNCryptorTests.swift */ = {isa = PBXFileReference; fileEncoding = 4; lastKnownFileType = sourcecode.swift; path = RNCryptorTests.swift; sourceTree = "<group>"; };
		79F665501C3F1575005B7DA1 /* PostTableViewController.swift */ = {isa = PBXFileReference; fileEncoding = 4; lastKnownFileType = sourcecode.swift; path = PostTableViewController.swift; sourceTree = "<group>"; };
		79F665521C3F158D005B7DA1 /* ViewTableViewController.swift */ = {isa = PBXFileReference; fileEncoding = 4; lastKnownFileType = sourcecode.swift; path = ViewTableViewController.swift; sourceTree = "<group>"; };
		79F665541C3F245A005B7DA1 /* PostMessageViewController.swift */ = {isa = PBXFileReference; fileEncoding = 4; lastKnownFileType = sourcecode.swift; path = PostMessageViewController.swift; sourceTree = "<group>"; };
		79F665561C3F246B005B7DA1 /* ViewMessageViewController.swift */ = {isa = PBXFileReference; fileEncoding = 4; lastKnownFileType = sourcecode.swift; path = ViewMessageViewController.swift; sourceTree = "<group>"; };
/* End PBXFileReference section */

/* Begin PBXFrameworksBuildPhase section */
		7993E4F91C3C8782000C3E7C /* Frameworks */ = {
			isa = PBXFrameworksBuildPhase;
			buildActionMask = 2147483647;
			files = (
				794BE44D1C3E016300043D0D /* CloudKit.framework in Frameworks */,
			);
			runOnlyForDeploymentPostprocessing = 0;
		};
		7993E50F1C3C8782000C3E7C /* Frameworks */ = {
			isa = PBXFrameworksBuildPhase;
			buildActionMask = 2147483647;
			files = (
			);
			runOnlyForDeploymentPostprocessing = 0;
		};
/* End PBXFrameworksBuildPhase section */

/* Begin PBXGroup section */
		7993E4F31C3C8782000C3E7C = {
			isa = PBXGroup;
			children = (
				794BE44C1C3E016300043D0D /* CloudKit.framework */,
				7993E5211C3C8B84000C3E7C /* RNCryptor */,
				7993E4FE1C3C8782000C3E7C /* Cryptext */,
				7993E5151C3C8782000C3E7C /* CryptextTests */,
				7993E4FD1C3C8782000C3E7C /* Products */,
			);
			sourceTree = "<group>";
		};
		7993E4FD1C3C8782000C3E7C /* Products */ = {
			isa = PBXGroup;
			children = (
				7993E4FC1C3C8782000C3E7C /* Cryptext.app */,
				7993E5121C3C8782000C3E7C /* CryptextTests.xctest */,
			);
			name = Products;
			sourceTree = "<group>";
		};
		7993E4FE1C3C8782000C3E7C /* Cryptext */ = {
			isa = PBXGroup;
			children = (
				794BE44B1C3E015A00043D0D /* Cryptext.entitlements */,
				7993E4FF1C3C8782000C3E7C /* AppDelegate.swift */,
				7993E5051C3C8782000C3E7C /* Main.storyboard */,
				79F665541C3F245A005B7DA1 /* PostMessageViewController.swift */,
				79F665561C3F246B005B7DA1 /* ViewMessageViewController.swift */,
				79F665501C3F1575005B7DA1 /* PostTableViewController.swift */,
				79F665521C3F158D005B7DA1 /* ViewTableViewController.swift */,
				7993E5081C3C8782000C3E7C /* Assets.xcassets */,
				7993E50A1C3C8782000C3E7C /* LaunchScreen.storyboard */,
				7993E50D1C3C8782000C3E7C /* Info.plist */,
				794BE44E1C3E1F9900043D0D /* Utilities.swift */,
			);
			path = Cryptext;
			sourceTree = "<group>";
		};
		7993E5151C3C8782000C3E7C /* CryptextTests */ = {
			isa = PBXGroup;
			children = (
				7993E5161C3C8782000C3E7C /* CryptextTests.swift */,
				7993E5181C3C8782000C3E7C /* Info.plist */,
				7993E5251C3C8E50000C3E7C /* RNCryptorTests.swift */,
			);
			path = CryptextTests;
			sourceTree = "<group>";
		};
		7993E5211C3C8B84000C3E7C /* RNCryptor */ = {
			isa = PBXGroup;
			children = (
				7993E5221C3C8B9B000C3E7C /* RNCryptor.swift */,
				7993E5241C3C8CE4000C3E7C /* RNCryptor.h */,
			);
			name = RNCryptor;
			sourceTree = "<group>";
		};
/* End PBXGroup section */

/* Begin PBXNativeTarget section */
		7993E4FB1C3C8782000C3E7C /* Cryptext */ = {
			isa = PBXNativeTarget;
			buildConfigurationList = 7993E51B1C3C8782000C3E7C /* Build configuration list for PBXNativeTarget "Cryptext" */;
			buildPhases = (
				7993E4F81C3C8782000C3E7C /* Sources */,
				7993E4F91C3C8782000C3E7C /* Frameworks */,
				7993E4FA1C3C8782000C3E7C /* Resources */,
			);
			buildRules = (
			);
			dependencies = (
			);
			name = Cryptext;
			productName = Cryptext;
			productReference = 7993E4FC1C3C8782000C3E7C /* Cryptext.app */;
			productType = "com.apple.product-type.application";
		};
		7993E5111C3C8782000C3E7C /* CryptextTests */ = {
			isa = PBXNativeTarget;
			buildConfigurationList = 7993E51E1C3C8782000C3E7C /* Build configuration list for PBXNativeTarget "CryptextTests" */;
			buildPhases = (
				7993E50E1C3C8782000C3E7C /* Sources */,
				7993E50F1C3C8782000C3E7C /* Frameworks */,
				7993E5101C3C8782000C3E7C /* Resources */,
			);
			buildRules = (
			);
			dependencies = (
				7993E5141C3C8782000C3E7C /* PBXTargetDependency */,
			);
			name = CryptextTests;
			productName = CryptextTests;
			productReference = 7993E5121C3C8782000C3E7C /* CryptextTests.xctest */;
			productType = "com.apple.product-type.bundle.unit-test";
		};
/* End PBXNativeTarget section */

/* Begin PBXProject section */
		7993E4F41C3C8782000C3E7C /* Project object */ = {
			isa = PBXProject;
			attributes = {
				LastSwiftUpdateCheck = 0720;
				LastUpgradeCheck = 0720;
				ORGANIZATIONNAME = "Keith Lee";
				TargetAttributes = {
					7993E4FB1C3C8782000C3E7C = {
						CreatedOnToolsVersion = 7.2;
						DevelopmentTeam = U823YHXB73;
						SystemCapabilities = {
							com.apple.iCloud = {
								enabled = 1;
							};
						};
					};
					7993E5111C3C8782000C3E7C = {
						CreatedOnToolsVersion = 7.2;
						TestTargetID = 7993E4FB1C3C8782000C3E7C;
					};
				};
			};
			buildConfigurationList = 7993E4F71C3C8782000C3E7C /* Build configuration list for PBXProject "Cryptext" */;
			compatibilityVersion = "Xcode 3.2";
			developmentRegion = English;
			hasScannedForEncodings = 0;
			knownRegions = (
				en,
				Base,
			);
			mainGroup = 7993E4F31C3C8782000C3E7C;
			productRefGroup = 7993E4FD1C3C8782000C3E7C /* Products */;
			projectDirPath = "";
			projectRoot = "";
			targets = (
				7993E4FB1C3C8782000C3E7C /* Cryptext */,
				7993E5111C3C8782000C3E7C /* CryptextTests */,
			);
		};
/* End PBXProject section */

/* Begin PBXResourcesBuildPhase section */
		7993E4FA1C3C8782000C3E7C /* Resources */ = {
			isa = PBXResourcesBuildPhase;
			buildActionMask = 2147483647;
			files = (
				7993E50C1C3C8782000C3E7C /* LaunchScreen.storyboard in Resources */,
				7993E5091C3C8782000C3E7C /* Assets.xcassets in Resources */,
				7993E5071C3C8782000C3E7C /* Main.storyboard in Resources */,
			);
			runOnlyForDeploymentPostprocessing = 0;
		};
		7993E5101C3C8782000C3E7C /* Resources */ = {
			isa = PBXResourcesBuildPhase;
			buildActionMask = 2147483647;
			files = (
			);
			runOnlyForDeploymentPostprocessing = 0;
		};
/* End PBXResourcesBuildPhase section */

/* Begin PBXSourcesBuildPhase section */
		7993E4F81C3C8782000C3E7C /* Sources */ = {
			isa = PBXSourcesBuildPhase;
			buildActionMask = 2147483647;
			files = (
				79F665571C3F246B005B7DA1 /* ViewMessageViewController.swift in Sources */,
				79F665511C3F1575005B7DA1 /* PostTableViewController.swift in Sources */,
				7993E5231C3C8B9B000C3E7C /* RNCryptor.swift in Sources */,
				79F665531C3F158D005B7DA1 /* ViewTableViewController.swift in Sources */,
				7993E5001C3C8782000C3E7C /* AppDelegate.swift in Sources */,
				79F665551C3F245A005B7DA1 /* PostMessageViewController.swift in Sources */,
				794BE44F1C3E1F9900043D0D /* Utilities.swift in Sources */,
			);
			runOnlyForDeploymentPostprocessing = 0;
		};
		7993E50E1C3C8782000C3E7C /* Sources */ = {
			isa = PBXSourcesBuildPhase;
			buildActionMask = 2147483647;
			files = (
				7993E5171C3C8782000C3E7C /* CryptextTests.swift in Sources */,
				7993E5261C3C8E50000C3E7C /* RNCryptorTests.swift in Sources */,
			);
			runOnlyForDeploymentPostprocessing = 0;
		};
/* End PBXSourcesBuildPhase section */

/* Begin PBXTargetDependency section */
		7993E5141C3C8782000C3E7C /* PBXTargetDependency */ = {
			isa = PBXTargetDependency;
			target = 7993E4FB1C3C8782000C3E7C /* Cryptext */;
			targetProxy = 7993E5131C3C8782000C3E7C /* PBXContainerItemProxy */;
		};
/* End PBXTargetDependency section */

/* Begin PBXVariantGroup section */
		7993E5051C3C8782000C3E7C /* Main.storyboard */ = {
			isa = PBXVariantGroup;
			children = (
				7993E5061C3C8782000C3E7C /* Base */,
			);
			name = Main.storyboard;
			sourceTree = "<group>";
		};
		7993E50A1C3C8782000C3E7C /* LaunchScreen.storyboard */ = {
			isa = PBXVariantGroup;
			children = (
				7993E50B1C3C8782000C3E7C /* Base */,
			);
			name = LaunchScreen.storyboard;
			sourceTree = "<group>";
		};
/* End PBXVariantGroup section */

/* Begin XCBuildConfiguration section */
		7993E5191C3C8782000C3E7C /* Debug */ = {
			isa = XCBuildConfiguration;
			buildSettings = {
				ALWAYS_SEARCH_USER_PATHS = NO;
				CLANG_CXX_LANGUAGE_STANDARD = "gnu++0x";
				CLANG_CXX_LIBRARY = "libc++";
				CLANG_ENABLE_MODULES = YES;
				CLANG_ENABLE_OBJC_ARC = YES;
				CLANG_WARN_BOOL_CONVERSION = YES;
				CLANG_WARN_CONSTANT_CONVERSION = YES;
				CLANG_WARN_DIRECT_OBJC_ISA_USAGE = YES_ERROR;
				CLANG_WARN_EMPTY_BODY = YES;
				CLANG_WARN_ENUM_CONVERSION = YES;
				CLANG_WARN_INT_CONVERSION = YES;
				CLANG_WARN_OBJC_ROOT_CLASS = YES_ERROR;
				CLANG_WARN_UNREACHABLE_CODE = YES;
				CLANG_WARN__DUPLICATE_METHOD_MATCH = YES;
				"CODE_SIGN_IDENTITY[sdk=iphoneos*]" = "iPhone Developer";
				COPY_PHASE_STRIP = NO;
				DEBUG_INFORMATION_FORMAT = dwarf;
				ENABLE_STRICT_OBJC_MSGSEND = YES;
				ENABLE_TESTABILITY = YES;
				GCC_C_LANGUAGE_STANDARD = gnu99;
				GCC_DYNAMIC_NO_PIC = NO;
				GCC_NO_COMMON_BLOCKS = YES;
				GCC_OPTIMIZATION_LEVEL = 0;
				GCC_PREPROCESSOR_DEFINITIONS = (
					"DEBUG=1",
					"$(inherited)",
				);
				GCC_WARN_64_TO_32_BIT_CONVERSION = YES;
				GCC_WARN_ABOUT_RETURN_TYPE = YES_ERROR;
				GCC_WARN_UNDECLARED_SELECTOR = YES;
				GCC_WARN_UNINITIALIZED_AUTOS = YES_AGGRESSIVE;
				GCC_WARN_UNUSED_FUNCTION = YES;
				GCC_WARN_UNUSED_VARIABLE = YES;
				IPHONEOS_DEPLOYMENT_TARGET = 9.2;
				MTL_ENABLE_DEBUG_INFO = YES;
				ONLY_ACTIVE_ARCH = YES;
				SDKROOT = iphoneos;
				SWIFT_OPTIMIZATION_LEVEL = "-Onone";
			};
			name = Debug;
		};
		7993E51A1C3C8782000C3E7C /* Release */ = {
			isa = XCBuildConfiguration;
			buildSettings = {
				ALWAYS_SEARCH_USER_PATHS = NO;
				CLANG_CXX_LANGUAGE_STANDARD = "gnu++0x";
				CLANG_CXX_LIBRARY = "libc++";
				CLANG_ENABLE_MODULES = YES;
				CLANG_ENABLE_OBJC_ARC = YES;
				CLANG_WARN_BOOL_CONVERSION = YES;
				CLANG_WARN_CONSTANT_CONVERSION = YES;
				CLANG_WARN_DIRECT_OBJC_ISA_USAGE = YES_ERROR;
				CLANG_WARN_EMPTY_BODY = YES;
				CLANG_WARN_ENUM_CONVERSION = YES;
				CLANG_WARN_INT_CONVERSION = YES;
				CLANG_WARN_OBJC_ROOT_CLASS = YES_ERROR;
				CLANG_WARN_UNREACHABLE_CODE = YES;
				CLANG_WARN__DUPLICATE_METHOD_MATCH = YES;
				"CODE_SIGN_IDENTITY[sdk=iphoneos*]" = "iPhone Developer";
				COPY_PHASE_STRIP = NO;
				DEBUG_INFORMATION_FORMAT = "dwarf-with-dsym";
				ENABLE_NS_ASSERTIONS = NO;
				ENABLE_STRICT_OBJC_MSGSEND = YES;
				GCC_C_LANGUAGE_STANDARD = gnu99;
				GCC_NO_COMMON_BLOCKS = YES;
				GCC_WARN_64_TO_32_BIT_CONVERSION = YES;
				GCC_WARN_ABOUT_RETURN_TYPE = YES_ERROR;
				GCC_WARN_UNDECLARED_SELECTOR = YES;
				GCC_WARN_UNINITIALIZED_AUTOS = YES_AGGRESSIVE;
				GCC_WARN_UNUSED_FUNCTION = YES;
				GCC_WARN_UNUSED_VARIABLE = YES;
				IPHONEOS_DEPLOYMENT_TARGET = 9.2;
				MTL_ENABLE_DEBUG_INFO = NO;
				SDKROOT = iphoneos;
				VALIDATE_PRODUCT = YES;
			};
			name = Release;
		};
		7993E51C1C3C8782000C3E7C /* Debug */ = {
			isa = XCBuildConfiguration;
			buildSettings = {
				ASSETCATALOG_COMPILER_APPICON_NAME = AppIcon;
				CODE_SIGN_ENTITLEMENTS = Cryptext/Cryptext.entitlements;
				CODE_SIGN_IDENTITY = "iPhone Developer";
				"CODE_SIGN_IDENTITY[sdk=iphoneos*]" = "iPhone Developer";
				INFOPLIST_FILE = Cryptext/Info.plist;
				LD_RUNPATH_SEARCH_PATHS = "$(inherited) @executable_path/Frameworks";
				PRODUCT_BUNDLE_IDENTIFIER = com.pellago.Cryptext;
				PRODUCT_NAME = "$(TARGET_NAME)";
				PROVISIONING_PROFILE = "";
				SWIFT_OBJC_BRIDGING_HEADER = RNCryptor.h;
			};
			name = Debug;
		};
		7993E51D1C3C8782000C3E7C /* Release */ = {
			isa = XCBuildConfiguration;
			buildSettings = {
				ASSETCATALOG_COMPILER_APPICON_NAME = AppIcon;
				CODE_SIGN_ENTITLEMENTS = Cryptext/Cryptext.entitlements;
				CODE_SIGN_IDENTITY = "iPhone Developer";
				"CODE_SIGN_IDENTITY[sdk=iphoneos*]" = "iPhone Developer";
				INFOPLIST_FILE = Cryptext/Info.plist;
				LD_RUNPATH_SEARCH_PATHS = "$(inherited) @executable_path/Frameworks";
				PRODUCT_BUNDLE_IDENTIFIER = com.pellago.Cryptext;
				PRODUCT_NAME = "$(TARGET_NAME)";
				PROVISIONING_PROFILE = "";
				SWIFT_OBJC_BRIDGING_HEADER = RNCryptor.h;
			};
			name = Release;
		};
		7993E51F1C3C8782000C3E7C /* Debug */ = {
			isa = XCBuildConfiguration;
			buildSettings = {
				BUNDLE_LOADER = "$(TEST_HOST)";
				INFOPLIST_FILE = CryptextTests/Info.plist;
				LD_RUNPATH_SEARCH_PATHS = "$(inherited) @executable_path/Frameworks @loader_path/Frameworks";
				PRODUCT_BUNDLE_IDENTIFIER = com.pellago.CryptextTests;
				PRODUCT_NAME = "$(TARGET_NAME)";
				TEST_HOST = "$(BUILT_PRODUCTS_DIR)/Cryptext.app/Cryptext";
			};
			name = Debug;
		};
		7993E5201C3C8782000C3E7C /* Release */ = {
			isa = XCBuildConfiguration;
			buildSettings = {
				BUNDLE_LOADER = "$(TEST_HOST)";
				INFOPLIST_FILE = CryptextTests/Info.plist;
				LD_RUNPATH_SEARCH_PATHS = "$(inherited) @executable_path/Frameworks @loader_path/Frameworks";
				PRODUCT_BUNDLE_IDENTIFIER = com.pellago.CryptextTests;
				PRODUCT_NAME = "$(TARGET_NAME)";
				TEST_HOST = "$(BUILT_PRODUCTS_DIR)/Cryptext.app/Cryptext";
			};
			name = Release;
		};
/* End XCBuildConfiguration section */

/* Begin XCConfigurationList section */
		7993E4F71C3C8782000C3E7C /* Build configuration list for PBXProject "Cryptext" */ = {
			isa = XCConfigurationList;
			buildConfigurations = (
				7993E5191C3C8782000C3E7C /* Debug */,
				7993E51A1C3C8782000C3E7C /* Release */,
			);
			defaultConfigurationIsVisible = 0;
			defaultConfigurationName = Release;
		};
		7993E51B1C3C8782000C3E7C /* Build configuration list for PBXNativeTarget "Cryptext" */ = {
			isa = XCConfigurationList;
			buildConfigurations = (
				7993E51C1C3C8782000C3E7C /* Debug */,
				7993E51D1C3C8782000C3E7C /* Release */,
			);
			defaultConfigurationIsVisible = 0;
			defaultConfigurationName = Release;
		};
		7993E51E1C3C8782000C3E7C /* Build configuration list for PBXNativeTarget "CryptextTests" */ = {
			isa = XCConfigurationList;
			buildConfigurations = (
				7993E51F1C3C8782000C3E7C /* Debug */,
				7993E5201C3C8782000C3E7C /* Release */,
			);
			defaultConfigurationIsVisible = 0;
			defaultConfigurationName = Release;
		};
/* End XCConfigurationList section */
	};
	rootObject = 7993E4F41C3C8782000C3E7C /* Project object */;
}
